
Microsoft Visual Studio Solution File, Format Version 12.00
# Visual Studio Version 17
VisualStudioVersion = 17.13.35818.85 d17.13
MinimumVisualStudioVersion = 10.0.40219.1
Project("{FAE04EC0-301F-11D3-BF4B-00C04F79EFBC}") = "RelacionamentoApi", "RelacionamentoApi.csproj", "{F7F09836-0268-44E4-B7E3-CDFA229822D5}"
EndProject
Global
	GlobalSection(SolutionConfigurationPlatforms) = preSolution
		Debug|Any CPU = Debug|Any CPU
		Release|Any CPU = Release|Any CPU
	EndGlobalSection
	GlobalSection(ProjectConfigurationPlatforms) = postSolution
		{F7F09836-0268-44E4-B7E3-CDFA229822D5}.Debug|Any CPU.ActiveCfg = Debug|Any CPU
		{F7F09836-0268-44E4-B7E3-CDFA229822D5}.Debug|Any CPU.Build.0 = Debug|Any CPU
		{F7F09836-0268-44E4-B7E3-CDFA229822D5}.Release|Any CPU.ActiveCfg = Release|Any CPU
		{F7F09836-0268-44E4-B7E3-CDFA229822D5}.Release|Any CPU.Build.0 = Release|Any CPU
	EndGlobalSection
	GlobalSection(SolutionProperties) = preSolution
		HideSolutionNode = FALSE
	EndGlobalSection
	GlobalSection(ExtensibilityGlobals) = postSolution
		SolutionGuid = {291409C7-E44E-415B-8E76-BE62BC68483F}
	EndGlobalSection
EndGlobal
